
Microsoft Visual Studio Solution File, Format Version 12.00
# Visual Studio 15
VisualStudioVersion = 15.0.28307.852
MinimumVisualStudioVersion = 10.0.40219.1
Project("{FAE04EC0-301F-11D3-BF4B-00C04F79EFBC}") = "WpfSignalRClient", "WpfSignalRClient\WpfSignalRClient.csproj", "{649AB9A3-AB72-46B2-AFC1-58FC7B5E9F85}"
EndProject
Global
	GlobalSection(SolutionConfigurationPlatforms) = preSolution
		Debug|Any CPU = Debug|Any CPU
		Release|Any CPU = Release|Any CPU
	EndGlobalSection
	GlobalSection(ProjectConfigurationPlatforms) = postSolution
		{649AB9A3-AB72-46B2-AFC1-58FC7B5E9F85}.Debug|Any CPU.ActiveCfg = Debug|Any CPU
		{649AB9A3-AB72-46B2-AFC1-58FC7B5E9F85}.Debug|Any CPU.Build.0 = Debug|Any CPU
		{649AB9A3-AB72-46B2-AFC1-58FC7B5E9F85}.Release|Any CPU.ActiveCfg = Release|Any CPU
		{649AB9A3-AB72-46B2-AFC1-58FC7B5E9F85}.Release|Any CPU.Build.0 = Release|Any CPU
	EndGlobalSection
	GlobalSection(SolutionProperties) = preSolution
		HideSolutionNode = FALSE
	EndGlobalSection
	GlobalSection(ExtensibilityGlobals) = postSolution
		SolutionGuid = {5BD6AE6D-2C39-401B-B709-48F59302EA22}
	EndGlobalSection
EndGlobal
